// !$*UTF8*$!
{
	archiveVersion = 1;
	classes = {
	};
	objectVersion = 56;
	objects = {

/* Begin PBXBuildFile section */
		707D94E32A72F71C006276F5 /* loginswiftuiApp.swift in Sources */ = {isa = PBXBuildFile; fileRef = 707D94E22A72F71C006276F5 /* loginswiftuiApp.swift */; };
		707D94E52A72F71C006276F5 /* ContentView.swift in Sources */ = {isa = PBXBuildFile; fileRef = 707D94E42A72F71C006276F5 /* ContentView.swift */; };
		707D94E72A72F71D006276F5 /* Assets.xcassets in Resources */ = {isa = PBXBuildFile; fileRef = 707D94E62A72F71D006276F5 /* Assets.xcassets */; };
		707D94EA2A72F71D006276F5 /* Preview Assets.xcassets in Resources */ = {isa = PBXBuildFile; fileRef = 707D94E92A72F71D006276F5 /* Preview Assets.xcassets */; };
		707D94F32A72FA9B006276F5 /* SignUpView.swift in Sources */ = {isa = PBXBuildFile; fileRef = 707D94F02A72FA9B006276F5 /* SignUpView.swift */; };
		707D94F42A72FA9B006276F5 /* SignInView.swift in Sources */ = {isa = PBXBuildFile; fileRef = 707D94F12A72FA9B006276F5 /* SignInView.swift */; };
		707D94F52A72FA9B006276F5 /* AccessView.swift in Sources */ = {isa = PBXBuildFile; fileRef = 707D94F22A72FA9B006276F5 /* AccessView.swift */; };
		707D94F92A72FC34006276F5 /* SplashView.swift in Sources */ = {isa = PBXBuildFile; fileRef = 707D94F82A72FC34006276F5 /* SplashView.swift */; };
		70A7D82C2A8929A400F06E5E /* stellar_bold.otf in Resources */ = {isa = PBXBuildFile; fileRef = 70A7D8272A8929A400F06E5E /* stellar_bold.otf */; };
		70A7D82D2A8929A400F06E5E /* stellar_medium.otf in Resources */ = {isa = PBXBuildFile; fileRef = 70A7D8282A8929A400F06E5E /* stellar_medium.otf */; };
		70A7D82E2A8929A400F06E5E /* stellar_light.otf in Resources */ = {isa = PBXBuildFile; fileRef = 70A7D8292A8929A400F06E5E /* stellar_light.otf */; };
		70A7D82F2A8929A400F06E5E /* stellar_regular.otf in Resources */ = {isa = PBXBuildFile; fileRef = 70A7D82A2A8929A400F06E5E /* stellar_regular.otf */; };
		70A7D8302A8929A400F06E5E /* hermano_alto.ttf in Resources */ = {isa = PBXBuildFile; fileRef = 70A7D82B2A8929A400F06E5E /* hermano_alto.ttf */; };
		70B22D332AC87D4C00C68680 /* SingInModel.swift in Sources */ = {isa = PBXBuildFile; fileRef = 70B22D322AC87D4C00C68680 /* SingInModel.swift */; };
		70B22D352AC87D8E00C68680 /* SignInViewModel.swift in Sources */ = {isa = PBXBuildFile; fileRef = 70B22D342AC87D8E00C68680 /* SignInViewModel.swift */; };
		70B22D382AC88DBC00C68680 /* CompTextField.swift in Sources */ = {isa = PBXBuildFile; fileRef = 70B22D372AC88DBC00C68680 /* CompTextField.swift */; };
		70B22D3A2AC88E3500C68680 /* CompSecureField.swift in Sources */ = {isa = PBXBuildFile; fileRef = 70B22D392AC88E3500C68680 /* CompSecureField.swift */; };
/* End PBXBuildFile section */

/* Begin PBXFileReference section */
		707D94DF2A72F71C006276F5 /* loginswiftui.app */ = {isa = PBXFileReference; explicitFileType = wrapper.application; includeInIndex = 0; path = loginswiftui.app; sourceTree = BUILT_PRODUCTS_DIR; };
		707D94E22A72F71C006276F5 /* loginswiftuiApp.swift */ = {isa = PBXFileReference; lastKnownFileType = sourcecode.swift; path = loginswiftuiApp.swift; sourceTree = "<group>"; };
		707D94E42A72F71C006276F5 /* ContentView.swift */ = {isa = PBXFileReference; lastKnownFileType = sourcecode.swift; path = ContentView.swift; sourceTree = "<group>"; };
		707D94E62A72F71D006276F5 /* Assets.xcassets */ = {isa = PBXFileReference; lastKnownFileType = folder.assetcatalog; path = Assets.xcassets; sourceTree = "<group>"; };
		707D94E92A72F71D006276F5 /* Preview Assets.xcassets */ = {isa = PBXFileReference; lastKnownFileType = folder.assetcatalog; path = "Preview Assets.xcassets"; sourceTree = "<group>"; };
		707D94F02A72FA9B006276F5 /* SignUpView.swift */ = {isa = PBXFileReference; fileEncoding = 4; lastKnownFileType = sourcecode.swift; path = SignUpView.swift; sourceTree = "<group>"; };
		707D94F12A72FA9B006276F5 /* SignInView.swift */ = {isa = PBXFileReference; fileEncoding = 4; lastKnownFileType = sourcecode.swift; path = SignInView.swift; sourceTree = "<group>"; };
		707D94F22A72FA9B006276F5 /* AccessView.swift */ = {isa = PBXFileReference; fileEncoding = 4; lastKnownFileType = sourcecode.swift; path = AccessView.swift; sourceTree = "<group>"; };
		707D94F82A72FC34006276F5 /* SplashView.swift */ = {isa = PBXFileReference; lastKnownFileType = sourcecode.swift; path = SplashView.swift; sourceTree = "<group>"; };
		70A7D8272A8929A400F06E5E /* stellar_bold.otf */ = {isa = PBXFileReference; lastKnownFileType = file; path = stellar_bold.otf; sourceTree = "<group>"; };
		70A7D8282A8929A400F06E5E /* stellar_medium.otf */ = {isa = PBXFileReference; lastKnownFileType = file; path = stellar_medium.otf; sourceTree = "<group>"; };
		70A7D8292A8929A400F06E5E /* stellar_light.otf */ = {isa = PBXFileReference; lastKnownFileType = file; path = stellar_light.otf; sourceTree = "<group>"; };
		70A7D82A2A8929A400F06E5E /* stellar_regular.otf */ = {isa = PBXFileReference; lastKnownFileType = file; path = stellar_regular.otf; sourceTree = "<group>"; };
		70A7D82B2A8929A400F06E5E /* hermano_alto.ttf */ = {isa = PBXFileReference; lastKnownFileType = file; path = hermano_alto.ttf; sourceTree = "<group>"; };
		70A7D8312A892AE400F06E5E /* Info.plist */ = {isa = PBXFileReference; lastKnownFileType = text.plist; path = Info.plist; sourceTree = "<group>"; };
		70B22D322AC87D4C00C68680 /* SingInModel.swift */ = {isa = PBXFileReference; lastKnownFileType = sourcecode.swift; path = SingInModel.swift; sourceTree = "<group>"; };
		70B22D342AC87D8E00C68680 /* SignInViewModel.swift */ = {isa = PBXFileReference; lastKnownFileType = sourcecode.swift; path = SignInViewModel.swift; sourceTree = "<group>"; };
		70B22D372AC88DBC00C68680 /* CompTextField.swift */ = {isa = PBXFileReference; lastKnownFileType = sourcecode.swift; path = CompTextField.swift; sourceTree = "<group>"; };
		70B22D392AC88E3500C68680 /* CompSecureField.swift */ = {isa = PBXFileReference; lastKnownFileType = sourcecode.swift; path = CompSecureField.swift; sourceTree = "<group>"; };
/* End PBXFileReference section */

/* Begin PBXFrameworksBuildPhase section */
		707D94DC2A72F71C006276F5 /* Frameworks */ = {
			isa = PBXFrameworksBuildPhase;
			buildActionMask = 2147483647;
			files = (
			);
			runOnlyForDeploymentPostprocessing = 0;
		};
/* End PBXFrameworksBuildPhase section */

/* Begin PBXGroup section */
		707D94D62A72F71C006276F5 = {
			isa = PBXGroup;
			children = (
				707D94E12A72F71C006276F5 /* loginswiftui */,
				707D94E02A72F71C006276F5 /* Products */,
			);
			sourceTree = "<group>";
		};
		707D94E02A72F71C006276F5 /* Products */ = {
			isa = PBXGroup;
			children = (
				707D94DF2A72F71C006276F5 /* loginswiftui.app */,
			);
			name = Products;
			sourceTree = "<group>";
		};
		707D94E12A72F71C006276F5 /* loginswiftui */ = {
			isa = PBXGroup;
			children = (
				70A7D8312A892AE400F06E5E /* Info.plist */,
				70A7D8252A89297600F06E5E /* common */,
				70C4122D2A7346B700AF286F /* datas */,
				70C4122C2A73469D00AF286F /* models */,
				70C4122B2A73469300AF286F /* views */,
				707D94E22A72F71C006276F5 /* loginswiftuiApp.swift */,
				707D94E42A72F71C006276F5 /* ContentView.swift */,
				707D94E62A72F71D006276F5 /* Assets.xcassets */,
				707D94E82A72F71D006276F5 /* Preview Content */,
				707D94F82A72FC34006276F5 /* SplashView.swift */,
			);
			path = loginswiftui;
			sourceTree = "<group>";
		};
		707D94E82A72F71D006276F5 /* Preview Content */ = {
			isa = PBXGroup;
			children = (
				707D94E92A72F71D006276F5 /* Preview Assets.xcassets */,
			);
			path = "Preview Content";
			sourceTree = "<group>";
		};
		70A7D8252A89297600F06E5E /* common */ = {
			isa = PBXGroup;
			children = (
				70B22D362AC88D7E00C68680 /* components */,
				70A7D8262A89298600F06E5E /* fonts */,
			);
			path = common;
			sourceTree = "<group>";
		};
		70A7D8262A89298600F06E5E /* fonts */ = {
			isa = PBXGroup;
			children = (
				70A7D82B2A8929A400F06E5E /* hermano_alto.ttf */,
				70A7D8272A8929A400F06E5E /* stellar_bold.otf */,
				70A7D8292A8929A400F06E5E /* stellar_light.otf */,
				70A7D8282A8929A400F06E5E /* stellar_medium.otf */,
				70A7D82A2A8929A400F06E5E /* stellar_regular.otf */,
			);
			path = fonts;
			sourceTree = "<group>";
		};
		70B22D302AC87CE600C68680 /* access */ = {
			isa = PBXGroup;
			children = (
				70B22D312AC87D0300C68680 /* signin */,
			);
			path = access;
			sourceTree = "<group>";
		};
		70B22D312AC87D0300C68680 /* signin */ = {
			isa = PBXGroup;
			children = (
				70B22D322AC87D4C00C68680 /* SingInModel.swift */,
			);
			path = signin;
			sourceTree = "<group>";
		};
		70B22D362AC88D7E00C68680 /* components */ = {
			isa = PBXGroup;
			children = (
				70B22D372AC88DBC00C68680 /* CompTextField.swift */,
				70B22D392AC88E3500C68680 /* CompSecureField.swift */,
			);
			path = components;
			sourceTree = "<group>";
		};
		70C4122B2A73469300AF286F /* views */ = {
			isa = PBXGroup;
			children = (
				70C4122E2A7346ED00AF286F /* access */,
			);
			path = views;
			sourceTree = "<group>";
		};
		70C4122C2A73469D00AF286F /* models */ = {
			isa = PBXGroup;
			children = (
				70B22D302AC87CE600C68680 /* access */,
			);
			path = models;
			sourceTree = "<group>";
		};
		70C4122D2A7346B700AF286F /* datas */ = {
			isa = PBXGroup;
			children = (
			);
			path = datas;
			sourceTree = "<group>";
		};
		70C4122E2A7346ED00AF286F /* access */ = {
			isa = PBXGroup;
			children = (
				70C4122F2A73470500AF286F /* signin */,
				70C412302A73472900AF286F /* signup */,
				707D94F22A72FA9B006276F5 /* AccessView.swift */,
			);
			path = access;
			sourceTree = "<group>";
		};
		70C4122F2A73470500AF286F /* signin */ = {
			isa = PBXGroup;
			children = (
				707D94F12A72FA9B006276F5 /* SignInView.swift */,
				70B22D342AC87D8E00C68680 /* SignInViewModel.swift */,
			);
			path = signin;
			sourceTree = "<group>";
		};
		70C412302A73472900AF286F /* signup */ = {
			isa = PBXGroup;
			children = (
				707D94F02A72FA9B006276F5 /* SignUpView.swift */,
			);
			path = signup;
			sourceTree = "<group>";
		};
/* End PBXGroup section */

/* Begin PBXNativeTarget section */
		707D94DE2A72F71C006276F5 /* loginswiftui */ = {
			isa = PBXNativeTarget;
			buildConfigurationList = 707D94ED2A72F71D006276F5 /* Build configuration list for PBXNativeTarget "loginswiftui" */;
			buildPhases = (
				707D94DB2A72F71C006276F5 /* Sources */,
				707D94DC2A72F71C006276F5 /* Frameworks */,
				707D94DD2A72F71C006276F5 /* Resources */,
			);
			buildRules = (
			);
			dependencies = (
			);
			name = loginswiftui;
			productName = loginswiftui;
			productReference = 707D94DF2A72F71C006276F5 /* loginswiftui.app */;
			productType = "com.apple.product-type.application";
		};
/* End PBXNativeTarget section */

/* Begin PBXProject section */
		707D94D72A72F71C006276F5 /* Project object */ = {
			isa = PBXProject;
			attributes = {
				BuildIndependentTargetsInParallel = 1;
				LastSwiftUpdateCheck = 1430;
				LastUpgradeCheck = 1430;
				TargetAttributes = {
					707D94DE2A72F71C006276F5 = {
						CreatedOnToolsVersion = 14.3.1;
					};
				};
			};
			buildConfigurationList = 707D94DA2A72F71C006276F5 /* Build configuration list for PBXProject "loginswiftui" */;
			compatibilityVersion = "Xcode 14.0";
			developmentRegion = en;
			hasScannedForEncodings = 0;
			knownRegions = (
				en,
				Base,
			);
			mainGroup = 707D94D62A72F71C006276F5;
			productRefGroup = 707D94E02A72F71C006276F5 /* Products */;
			projectDirPath = "";
			projectRoot = "";
			targets = (
				707D94DE2A72F71C006276F5 /* loginswiftui */,
			);
		};
/* End PBXProject section */

/* Begin PBXResourcesBuildPhase section */
		707D94DD2A72F71C006276F5 /* Resources */ = {
			isa = PBXResourcesBuildPhase;
			buildActionMask = 2147483647;
			files = (
				70A7D82F2A8929A400F06E5E /* stellar_regular.otf in Resources */,
				70A7D82D2A8929A400F06E5E /* stellar_medium.otf in Resources */,
				70A7D8302A8929A400F06E5E /* hermano_alto.ttf in Resources */,
				70A7D82E2A8929A400F06E5E /* stellar_light.otf in Resources */,
				707D94EA2A72F71D006276F5 /* Preview Assets.xcassets in Resources */,
				707D94E72A72F71D006276F5 /* Assets.xcassets in Resources */,
				70A7D82C2A8929A400F06E5E /* stellar_bold.otf in Resources */,
			);
			runOnlyForDeploymentPostprocessing = 0;
		};
/* End PBXResourcesBuildPhase section */

/* Begin PBXSourcesBuildPhase section */
		707D94DB2A72F71C006276F5 /* Sources */ = {
			isa = PBXSourcesBuildPhase;
			buildActionMask = 2147483647;
			files = (
				707D94E52A72F71C006276F5 /* ContentView.swift in Sources */,
				707D94F32A72FA9B006276F5 /* SignUpView.swift in Sources */,
				70B22D3A2AC88E3500C68680 /* CompSecureField.swift in Sources */,
				707D94F42A72FA9B006276F5 /* SignInView.swift in Sources */,
				707D94F52A72FA9B006276F5 /* AccessView.swift in Sources */,
				70B22D352AC87D8E00C68680 /* SignInViewModel.swift in Sources */,
				707D94E32A72F71C006276F5 /* loginswiftuiApp.swift in Sources */,
				70B22D332AC87D4C00C68680 /* SingInModel.swift in Sources */,
				70B22D382AC88DBC00C68680 /* CompTextField.swift in Sources */,
				707D94F92A72FC34006276F5 /* SplashView.swift in Sources */,
			);
			runOnlyForDeploymentPostprocessing = 0;
		};
/* End PBXSourcesBuildPhase section */

/* Begin XCBuildConfiguration section */
		707D94EB2A72F71D006276F5 /* Debug */ = {
			isa = XCBuildConfiguration;
			buildSettings = {
				ALWAYS_SEARCH_USER_PATHS = NO;
				CLANG_ANALYZER_NONNULL = YES;
				CLANG_ANALYZER_NUMBER_OBJECT_CONVERSION = YES_AGGRESSIVE;
				CLANG_CXX_LANGUAGE_STANDARD = "gnu++20";
				CLANG_ENABLE_MODULES = YES;
				CLANG_ENABLE_OBJC_ARC = YES;
				CLANG_ENABLE_OBJC_WEAK = YES;
				CLANG_WARN_BLOCK_CAPTURE_AUTORELEASING = YES;
				CLANG_WARN_BOOL_CONVERSION = YES;
				CLANG_WARN_COMMA = YES;
				CLANG_WARN_CONSTANT_CONVERSION = YES;
				CLANG_WARN_DEPRECATED_OBJC_IMPLEMENTATIONS = YES;
				CLANG_WARN_DIRECT_OBJC_ISA_USAGE = YES_ERROR;
				CLANG_WARN_DOCUMENTATION_COMMENTS = YES;
				CLANG_WARN_EMPTY_BODY = YES;
				CLANG_WARN_ENUM_CONVERSION = YES;
				CLANG_WARN_INFINITE_RECURSION = YES;
				CLANG_WARN_INT_CONVERSION = YES;
				CLANG_WARN_NON_LITERAL_NULL_CONVERSION = YES;
				CLANG_WARN_OBJC_IMPLICIT_RETAIN_SELF = YES;
				CLANG_WARN_OBJC_LITERAL_CONVERSION = YES;
				CLANG_WARN_OBJC_ROOT_CLASS = YES_ERROR;
				CLANG_WARN_QUOTED_INCLUDE_IN_FRAMEWORK_HEADER = YES;
				CLANG_WARN_RANGE_LOOP_ANALYSIS = YES;
				CLANG_WARN_STRICT_PROTOTYPES = YES;
				CLANG_WARN_SUSPICIOUS_MOVE = YES;
				CLANG_WARN_UNGUARDED_AVAILABILITY = YES_AGGRESSIVE;
				CLANG_WARN_UNREACHABLE_CODE = YES;
				CLANG_WARN__DUPLICATE_METHOD_MATCH = YES;
				COPY_PHASE_STRIP = NO;
				DEBUG_INFORMATION_FORMAT = dwarf;
				ENABLE_STRICT_OBJC_MSGSEND = YES;
				ENABLE_TESTABILITY = YES;
				GCC_C_LANGUAGE_STANDARD = gnu11;
				GCC_DYNAMIC_NO_PIC = NO;
				GCC_NO_COMMON_BLOCKS = YES;
				GCC_OPTIMIZATION_LEVEL = 0;
				GCC_PREPROCESSOR_DEFINITIONS = (
					"DEBUG=1",
					"$(inherited)",
				);
				GCC_WARN_64_TO_32_BIT_CONVERSION = YES;
				GCC_WARN_ABOUT_RETURN_TYPE = YES_ERROR;
				GCC_WARN_UNDECLARED_SELECTOR = YES;
				GCC_WARN_UNINITIALIZED_AUTOS = YES_AGGRESSIVE;
				GCC_WARN_UNUSED_FUNCTION = YES;
				GCC_WARN_UNUSED_VARIABLE = YES;
				IPHONEOS_DEPLOYMENT_TARGET = 16.4;
				MTL_ENABLE_DEBUG_INFO = INCLUDE_SOURCE;
				MTL_FAST_MATH = YES;
				ONLY_ACTIVE_ARCH = YES;
				SDKROOT = iphoneos;
				SWIFT_ACTIVE_COMPILATION_CONDITIONS = DEBUG;
				SWIFT_OPTIMIZATION_LEVEL = "-Onone";
			};
			name = Debug;
		};
		707D94EC2A72F71D006276F5 /* Release */ = {
			isa = XCBuildConfiguration;
			buildSettings = {
				ALWAYS_SEARCH_USER_PATHS = NO;
				CLANG_ANALYZER_NONNULL = YES;
				CLANG_ANALYZER_NUMBER_OBJECT_CONVERSION = YES_AGGRESSIVE;
				CLANG_CXX_LANGUAGE_STANDARD = "gnu++20";
				CLANG_ENABLE_MODULES = YES;
				CLANG_ENABLE_OBJC_ARC = YES;
				CLANG_ENABLE_OBJC_WEAK = YES;
				CLANG_WARN_BLOCK_CAPTURE_AUTORELEASING = YES;
				CLANG_WARN_BOOL_CONVERSION = YES;
				CLANG_WARN_COMMA = YES;
				CLANG_WARN_CONSTANT_CONVERSION = YES;
				CLANG_WARN_DEPRECATED_OBJC_IMPLEMENTATIONS = YES;
				CLANG_WARN_DIRECT_OBJC_ISA_USAGE = YES_ERROR;
				CLANG_WARN_DOCUMENTATION_COMMENTS = YES;
				CLANG_WARN_EMPTY_BODY = YES;
				CLANG_WARN_ENUM_CONVERSION = YES;
				CLANG_WARN_INFINITE_RECURSION = YES;
				CLANG_WARN_INT_CONVERSION = YES;
				CLANG_WARN_NON_LITERAL_NULL_CONVERSION = YES;
				CLANG_WARN_OBJC_IMPLICIT_RETAIN_SELF = YES;
				CLANG_WARN_OBJC_LITERAL_CONVERSION = YES;
				CLANG_WARN_OBJC_ROOT_CLASS = YES_ERROR;
				CLANG_WARN_QUOTED_INCLUDE_IN_FRAMEWORK_HEADER = YES;
				CLANG_WARN_RANGE_LOOP_ANALYSIS = YES;
				CLANG_WARN_STRICT_PROTOTYPES = YES;
				CLANG_WARN_SUSPICIOUS_MOVE = YES;
				CLANG_WARN_UNGUARDED_AVAILABILITY = YES_AGGRESSIVE;
				CLANG_WARN_UNREACHABLE_CODE = YES;
				CLANG_WARN__DUPLICATE_METHOD_MATCH = YES;
				COPY_PHASE_STRIP = NO;
				DEBUG_INFORMATION_FORMAT = "dwarf-with-dsym";
				ENABLE_NS_ASSERTIONS = NO;
				ENABLE_STRICT_OBJC_MSGSEND = YES;
				GCC_C_LANGUAGE_STANDARD = gnu11;
				GCC_NO_COMMON_BLOCKS = YES;
				GCC_OPTIMIZATION_LEVEL = 0;
				GCC_WARN_64_TO_32_BIT_CONVERSION = YES;
				GCC_WARN_ABOUT_RETURN_TYPE = YES_ERROR;
				GCC_WARN_UNDECLARED_SELECTOR = YES;
				GCC_WARN_UNINITIALIZED_AUTOS = YES_AGGRESSIVE;
				GCC_WARN_UNUSED_FUNCTION = YES;
				GCC_WARN_UNUSED_VARIABLE = YES;
				IPHONEOS_DEPLOYMENT_TARGET = 16.4;
				MTL_ENABLE_DEBUG_INFO = NO;
				MTL_FAST_MATH = YES;
				SDKROOT = iphoneos;
				SWIFT_COMPILATION_MODE = wholemodule;
				SWIFT_OPTIMIZATION_LEVEL = "-O";
				VALIDATE_PRODUCT = YES;
			};
			name = Release;
		};
		707D94EE2A72F71D006276F5 /* Debug */ = {
			isa = XCBuildConfiguration;
			buildSettings = {
				ASSETCATALOG_COMPILER_APPICON_NAME = AppIcon;
				ASSETCATALOG_COMPILER_GLOBAL_ACCENT_COLOR_NAME = AccentColor;
				CODE_SIGN_STYLE = Automatic;
				CURRENT_PROJECT_VERSION = 1;
				DEVELOPMENT_ASSET_PATHS = "\"loginswiftui/Preview Content\"";
				ENABLE_PREVIEWS = YES;
				GENERATE_INFOPLIST_FILE = YES;
				INFOPLIST_FILE = loginswiftui/Info.plist;
				INFOPLIST_KEY_UIApplicationSceneManifest_Generation = YES;
				INFOPLIST_KEY_UIApplicationSupportsIndirectInputEvents = YES;
				INFOPLIST_KEY_UILaunchScreen_Generation = YES;
				INFOPLIST_KEY_UISupportedInterfaceOrientations_iPad = "UIInterfaceOrientationPortrait UIInterfaceOrientationPortraitUpsideDown UIInterfaceOrientationLandscapeLeft UIInterfaceOrientationLandscapeRight";
				INFOPLIST_KEY_UISupportedInterfaceOrientations_iPhone = "UIInterfaceOrientationPortrait UIInterfaceOrientationLandscapeLeft UIInterfaceOrientationLandscapeRight";
				LD_RUNPATH_SEARCH_PATHS = (
					"$(inherited)",
					"@executable_path/Frameworks",
				);
				MARKETING_VERSION = 1.0;
				PRODUCT_BUNDLE_IDENTIFIER = br.com.loginswiftui;
				PRODUCT_NAME = "$(TARGET_NAME)";
				SWIFT_EMIT_LOC_STRINGS = YES;
				SWIFT_VERSION = 5.0;
				TARGETED_DEVICE_FAMILY = "1,2";
			};
			name = Debug;
		};
		707D94EF2A72F71D006276F5 /* Release */ = {
			isa = XCBuildConfiguration;
			buildSettings = {
				ASSETCATALOG_COMPILER_APPICON_NAME = AppIcon;
				ASSETCATALOG_COMPILER_GLOBAL_ACCENT_COLOR_NAME = AccentColor;
				CODE_SIGN_STYLE = Automatic;
				CURRENT_PROJECT_VERSION = 1;
				DEVELOPMENT_ASSET_PATHS = "\"loginswiftui/Preview Content\"";
				ENABLE_PREVIEWS = YES;
				GENERATE_INFOPLIST_FILE = YES;
				INFOPLIST_FILE = loginswiftui/Info.plist;
				INFOPLIST_KEY_UIApplicationSceneManifest_Generation = YES;
				INFOPLIST_KEY_UIApplicationSupportsIndirectInputEvents = YES;
				INFOPLIST_KEY_UILaunchScreen_Generation = YES;
				INFOPLIST_KEY_UISupportedInterfaceOrientations_iPad = "UIInterfaceOrientationPortrait UIInterfaceOrientationPortraitUpsideDown UIInterfaceOrientationLandscapeLeft UIInterfaceOrientationLandscapeRight";
				INFOPLIST_KEY_UISupportedInterfaceOrientations_iPhone = "UIInterfaceOrientationPortrait UIInterfaceOrientationLandscapeLeft UIInterfaceOrientationLandscapeRight";
				LD_RUNPATH_SEARCH_PATHS = (
					"$(inherited)",
					"@executable_path/Frameworks",
				);
				MARKETING_VERSION = 1.0;
				PRODUCT_BUNDLE_IDENTIFIER = br.com.loginswiftui;
				PRODUCT_NAME = "$(TARGET_NAME)";
				SWIFT_EMIT_LOC_STRINGS = YES;
				SWIFT_VERSION = 5.0;
				TARGETED_DEVICE_FAMILY = "1,2";
			};
			name = Release;
		};
/* End XCBuildConfiguration section */

/* Begin XCConfigurationList section */
		707D94DA2A72F71C006276F5 /* Build configuration list for PBXProject "loginswiftui" */ = {
			isa = XCConfigurationList;
			buildConfigurations = (
				707D94EB2A72F71D006276F5 /* Debug */,
				707D94EC2A72F71D006276F5 /* Release */,
			);
			defaultConfigurationIsVisible = 0;
			defaultConfigurationName = Release;
		};
		707D94ED2A72F71D006276F5 /* Build configuration list for PBXNativeTarget "loginswiftui" */ = {
			isa = XCConfigurationList;
			buildConfigurations = (
				707D94EE2A72F71D006276F5 /* Debug */,
				707D94EF2A72F71D006276F5 /* Release */,
			);
			defaultConfigurationIsVisible = 0;
			defaultConfigurationName = Release;
		};
/* End XCConfigurationList section */
	};
	rootObject = 707D94D72A72F71C006276F5 /* Project object */;
}
